
Microsoft Visual Studio Solution File, Format Version 12.00
# Visual Studio Version 16
VisualStudioVersion = 16.0.31321.278
MinimumVisualStudioVersion = 10.0.40219.1
Project("{FAE04EC0-301F-11D3-BF4B-00C04F79EFBC}") = "Lab_6_5", "Lab_6_5\Lab_6_5.csproj", "{44D1FE5B-51A6-44F5-8710-423E9D6C5B45}"
EndProject
Global
	GlobalSection(SolutionConfigurationPlatforms) = preSolution
		Debug|Any CPU = Debug|Any CPU
		Release|Any CPU = Release|Any CPU
	EndGlobalSection
	GlobalSection(ProjectConfigurationPlatforms) = postSolution
		{44D1FE5B-51A6-44F5-8710-423E9D6C5B45}.Debug|Any CPU.ActiveCfg = Debug|Any CPU
		{44D1FE5B-51A6-44F5-8710-423E9D6C5B45}.Debug|Any CPU.Build.0 = Debug|Any CPU
		{44D1FE5B-51A6-44F5-8710-423E9D6C5B45}.Release|Any CPU.ActiveCfg = Release|Any CPU
		{44D1FE5B-51A6-44F5-8710-423E9D6C5B45}.Release|Any CPU.Build.0 = Release|Any CPU
	EndGlobalSection
	GlobalSection(SolutionProperties) = preSolution
		HideSolutionNode = FALSE
	EndGlobalSection
	GlobalSection(ExtensibilityGlobals) = postSolution
		SolutionGuid = {BC575E37-225C-4964-8F4D-E9276C49BC37}
	EndGlobalSection
EndGlobal
